Microsoft Visual Studio Solution File, Format Version 12.00
# Visual Studio Version 17
VisualStudioVersion = 17.5.2.0
MinimumVisualStudioVersion = 10.0.40219.1
Project("{FAE04EC0-301F-11D3-BF4B-00C04F79EFBC}") = "ITHealthy_BE", "ITHealthy_BE\ITHealthy_BE.csproj", "{3A78859D-0D40-F55E-08EB-5E66EAD60B92}"
EndProject
Global
	GlobalSection(SolutionConfigurationPlatforms) = preSolution
		Debug|Any CPU = Debug|Any CPU
		Release|Any CPU = Release|Any CPU
	EndGlobalSection
	GlobalSection(ProjectConfigurationPlatforms) = postSolution
		{3A78859D-0D40-F55E-08EB-5E66EAD60B92}.Debug|Any CPU.ActiveCfg = Debug|Any CPU
		{3A78859D-0D40-F55E-08EB-5E66EAD60B92}.Debug|Any CPU.Build.0 = Debug|Any CPU
		{3A78859D-0D40-F55E-08EB-5E66EAD60B92}.Release|Any CPU.ActiveCfg = Release|Any CPU
		{3A78859D-0D40-F55E-08EB-5E66EAD60B92}.Release|Any CPU.Build.0 = Release|Any CPU
	EndGlobalSection
	GlobalSection(SolutionProperties) = preSolution
		HideSolutionNode = FALSE
	EndGlobalSection
	GlobalSection(ExtensibilityGlobals) = postSolution
		SolutionGuid = {87190336-EF74-4408-813A-9CF117093504}
	EndGlobalSection
EndGlobal
